{
  "originHash" : "7260e8575245633c1a2b7e679634d64d90fc6bfb81c1214b7c368131fad7027b",
  "pins" : [
    {
      "identity" : "cbor",
      "kind" : "remoteSourceControl",
      "location" : "https://github.com/edgeengineer/cbor.git",
      "state" : {
        "revision" : "a64323cc11eb8b4d7005dfd2feadacfd5f59f547",
        "version" : "0.0.6"
      }
    },
    {
      "identity" : "kokoro-coreml",
      "kind" : "remoteSourceControl",
      "location" : "https://github.com/hashb/kokoro-coreml.git",
      "state" : {
        "branch" : "dev",
        "revision" : "c5b3d12ec686c6b96da22ef6d7877afbb02db96f"
      }
    },
    {
      "identity" : "plcrashreporter",
      "kind" : "remoteSourceControl",
      "location" : "https://github.com/microsoft/plcrashreporter.git",
      "state" : {
        "revision" : "0254f941c646b1ed17b243654723d0f071e990d0",
        "version" : "1.12.2"
      }
    },
    {
      "identity" : "swift-argument-parser",
      "kind" : "remoteSourceControl",
      "location" : "https://github.com/apple/swift-argument-parser.git",
      "state" : {
        "revision" : "626b5b7b2f45e1b0b1c6f4a309296d1d21d7311b",
        "version" : "1.7.1"
      }
    },
    {
      "identity" : "swift-bart-g2p",
      "kind" : "remoteSourceControl",
      "location" : "https://github.com/Jud/swift-bart-g2p.git",
      "state" : {
        "revision" : "1ed781e05fba7b4042212aecb6124a3aab83ce45",
        "version" : "0.4.0"
      }
    },
    {
      "identity" : "tidemark",
      "kind" : "remoteSourceControl",
      "location" : "https://github.com/brentsimmons/Tidemark",
      "state" : {
        "revision" : "2a5cd8a715ad1145d36009f5d3f146704d3f7ec0",
        "version" : "1.0.1"
      }
    },
    {
      "identity" : "zip",
      "kind" : "remoteSourceControl",
      "location" : "https://github.com/marmelroy/Zip.git",
      "state" : {
        "revision" : "059e7346082d02de16220cd79df7db18ddeba8c3"
      }
    }
  ],
  "version" : 3
}
